
Microsoft Visual Studio Solution File, Format Version 12.00
# Visual Studio Version 16
VisualStudioVersion = 16.0.31205.134
MinimumVisualStudioVersion = 10.0.40219.1
Project("{FAE04EC0-301F-11D3-BF4B-00C04F79EFBC}") = "210427_2", "210427_2.csproj", "{540B170D-37AE-4E28-893D-9A43D9980EAD}"
EndProject
Global
	GlobalSection(SolutionConfigurationPlatforms) = preSolution
		Debug|Any CPU = Debug|Any CPU
		Release|Any CPU = Release|Any CPU
	EndGlobalSection
	GlobalSection(ProjectConfigurationPlatforms) = postSolution
		{540B170D-37AE-4E28-893D-9A43D9980EAD}.Debug|Any CPU.ActiveCfg = Debug|Any CPU
		{540B170D-37AE-4E28-893D-9A43D9980EAD}.Debug|Any CPU.Build.0 = Debug|Any CPU
		{540B170D-37AE-4E28-893D-9A43D9980EAD}.Release|Any CPU.ActiveCfg = Release|Any CPU
		{540B170D-37AE-4E28-893D-9A43D9980EAD}.Release|Any CPU.Build.0 = Release|Any CPU
	EndGlobalSection
	GlobalSection(SolutionProperties) = preSolution
		HideSolutionNode = FALSE
	EndGlobalSection
	GlobalSection(ExtensibilityGlobals) = postSolution
		SolutionGuid = {58109CEC-A07F-4740-A1BC-92278BCC8AAD}
	EndGlobalSection
EndGlobal
